
Microsoft Visual Studio Solution File, Format Version 12.00
# Visual Studio Version 16
VisualStudioVersion = 16.0.30611.23
MinimumVisualStudioVersion = 10.0.40219.1
Project("{FAE04EC0-301F-11D3-BF4B-00C04F79EFBC}") = "RestaurantMenu", "RestaurantMenu\RestaurantMenu.csproj", "{5458E966-E8FF-4E28-BC57-D65684C7E6CF}"
EndProject
Global
	GlobalSection(SolutionConfigurationPlatforms) = preSolution
		Debug|Any CPU = Debug|Any CPU
		Release|Any CPU = Release|Any CPU
	EndGlobalSection
	GlobalSection(ProjectConfigurationPlatforms) = postSolution
		{5458E966-E8FF-4E28-BC57-D65684C7E6CF}.Debug|Any CPU.ActiveCfg = Debug|Any CPU
		{5458E966-E8FF-4E28-BC57-D65684C7E6CF}.Debug|Any CPU.Build.0 = Debug|Any CPU
		{5458E966-E8FF-4E28-BC57-D65684C7E6CF}.Release|Any CPU.ActiveCfg = Release|Any CPU
		{5458E966-E8FF-4E28-BC57-D65684C7E6CF}.Release|Any CPU.Build.0 = Release|Any CPU
	EndGlobalSection
	GlobalSection(SolutionProperties) = preSolution
		HideSolutionNode = FALSE
	EndGlobalSection
	GlobalSection(ExtensibilityGlobals) = postSolution
		SolutionGuid = {0EB3B267-0BED-4D6D-BE53-8BA82EA75E61}
	EndGlobalSection
EndGlobal
